lockfileVersion: 5.3

specifiers:
  rush-archive-project-plugin: file:../../../rush-plugins/rush-archive-project-plugin
  rush-upgrade-self-plugin: file:../../../rush-plugins/rush-upgrade-self-plugin

dependencies:
  rush-archive-project-plugin: link:../../../rush-plugins/rush-archive-project-plugin
  rush-upgrade-self-plugin: link:../../../rush-plugins/rush-upgrade-self-plugin
